Microsoft Visual Studio Solution File, Format Version 12.00
Project("{FAE04EC0-301F-11D3-BF4B-00C04F79EFBC}") = "SourceEngine.Bsp", "src\SourceEngine.Bsp\SourceEngine.Bsp.csproj", "{FF91436B-B60D-4DD0-98C5-FA49F4B8671F}"
EndProject
Project("{2150E333-8FDC-42A3-9474-1A3956D46DE8}") = "Solution Items", "Solution Items", "{F99D5706-FC77-4C83-9806-B0FE28D3976A}"
	ProjectSection(SolutionItems) = preProject
		.editorconfig = .editorconfig
		.gitattributes = .gitattributes
		.gitignore = .gitignore
		Directory.Build.props = Directory.Build.props
		LICENSE.txt = LICENSE.txt
		NuGet.config = NuGet.config
		README.md = README.md
	EndProjectSection
EndProject
Project("{2150E333-8FDC-42A3-9474-1A3956D46DE8}") = "ci", "ci", "{7DC9398B-B4EB-4D1C-8645-D74A2AC5D09D}"
	ProjectSection(SolutionItems) = preProject
		azure-pipelines.yml = azure-pipelines.yml
		ci\build.yml = ci\build.yml
		ci\check_version.ps1 = ci\check_version.ps1
		ci\deploy.yml = ci\deploy.yml
	EndProjectSection
EndProject
Project("{2150E333-8FDC-42A3-9474-1A3956D46DE8}") = "src", "src", "{C852A71E-BBF3-4D71-8B11-D244C1751EF3}"
	ProjectSection(SolutionItems) = preProject
		src\Directory.Build.props = src\Directory.Build.props
	EndProjectSection
EndProject
Global
	GlobalSection(SolutionConfigurationPlatforms) = preSolution
		Debug|Any CPU = Debug|Any CPU
		Release|Any CPU = Release|Any CPU
	EndGlobalSection
	GlobalSection(ProjectConfigurationPlatforms) = postSolution
		{FF91436B-B60D-4DD0-98C5-FA49F4B8671F}.Debug|Any CPU.ActiveCfg = Debug|Any CPU
		{FF91436B-B60D-4DD0-98C5-FA49F4B8671F}.Debug|Any CPU.Build.0 = Debug|Any CPU
		{FF91436B-B60D-4DD0-98C5-FA49F4B8671F}.Release|Any CPU.ActiveCfg = Release|Any CPU
		{FF91436B-B60D-4DD0-98C5-FA49F4B8671F}.Release|Any CPU.Build.0 = Release|Any CPU
	EndGlobalSection
	GlobalSection(SolutionProperties) = preSolution
		HideSolutionNode = FALSE
	EndGlobalSection
	GlobalSection(NestedProjects) = preSolution
		{FF91436B-B60D-4DD0-98C5-FA49F4B8671F} = {C852A71E-BBF3-4D71-8B11-D244C1751EF3}
	EndGlobalSection
EndGlobal
